
Microsoft Visual Studio Solution File, Format Version 12.00
# Visual Studio Version 16
VisualStudioVersion = 16.0.31105.61
MinimumVisualStudioVersion = 10.0.40219.1
Project("{FAE04EC0-301F-11D3-BF4B-00C04F79EFBC}") = "Module 2", "Module 2\Module 2.csproj", "{55D73750-5031-408E-B25B-C6F667FAEDE7}"
EndProject
Project("{FAE04EC0-301F-11D3-BF4B-00C04F79EFBC}") = "PrimeFactorsTest", "..\PrimeFactorsTest\PrimeFactorsTest.csproj", "{282685A8-C7F7-4B1C-AC86-C3F016344733}"
EndProject
Global
	GlobalSection(SolutionConfigurationPlatforms) = preSolution
		Debug|Any CPU = Debug|Any CPU
		Release|Any CPU = Release|Any CPU
	EndGlobalSection
	GlobalSection(ProjectConfigurationPlatforms) = postSolution
		{55D73750-5031-408E-B25B-C6F667FAEDE7}.Debug|Any CPU.ActiveCfg = Debug|Any CPU
		{55D73750-5031-408E-B25B-C6F667FAEDE7}.Debug|Any CPU.Build.0 = Debug|Any CPU
		{55D73750-5031-408E-B25B-C6F667FAEDE7}.Release|Any CPU.ActiveCfg = Release|Any CPU
		{55D73750-5031-408E-B25B-C6F667FAEDE7}.Release|Any CPU.Build.0 = Release|Any CPU
		{282685A8-C7F7-4B1C-AC86-C3F016344733}.Debug|Any CPU.ActiveCfg = Debug|Any CPU
		{282685A8-C7F7-4B1C-AC86-C3F016344733}.Debug|Any CPU.Build.0 = Debug|Any CPU
		{282685A8-C7F7-4B1C-AC86-C3F016344733}.Release|Any CPU.ActiveCfg = Release|Any CPU
		{282685A8-C7F7-4B1C-AC86-C3F016344733}.Release|Any CPU.Build.0 = Release|Any CPU
	EndGlobalSection
	GlobalSection(SolutionProperties) = preSolution
		HideSolutionNode = FALSE
	EndGlobalSection
	GlobalSection(ExtensibilityGlobals) = postSolution
		SolutionGuid = {25EB9E08-7DA5-4239-9536-119D83DDF8DA}
	EndGlobalSection
EndGlobal
